
Microsoft Visual Studio Solution File, Format Version 12.00
# Visual Studio Version 17
VisualStudioVersion = 17.1.32414.318
MinimumVisualStudioVersion = 10.0.40219.1
Project("{9A19103F-16F7-4668-BE54-9A1E7A4F7556}") = "Backend", "Backend\Backend.csproj", "{06F85B05-91AC-4C62-846C-6EA7809678AB}"
EndProject
Global
	GlobalSection(SolutionConfigurationPlatforms) = preSolution
		Debug|Any CPU = Debug|Any CPU
		Release|Any CPU = Release|Any CPU
	EndGlobalSection
	GlobalSection(ProjectConfigurationPlatforms) = postSolution
		{06F85B05-91AC-4C62-846C-6EA7809678AB}.Debug|Any CPU.ActiveCfg = Debug|Any CPU
		{06F85B05-91AC-4C62-846C-6EA7809678AB}.Debug|Any CPU.Build.0 = Debug|Any CPU
		{06F85B05-91AC-4C62-846C-6EA7809678AB}.Release|Any CPU.ActiveCfg = Release|Any CPU
		{06F85B05-91AC-4C62-846C-6EA7809678AB}.Release|Any CPU.Build.0 = Release|Any CPU
	EndGlobalSection
	GlobalSection(SolutionProperties) = preSolution
		HideSolutionNode = FALSE
	EndGlobalSection
	GlobalSection(ExtensibilityGlobals) = postSolution
		SolutionGuid = {5901C957-87CD-45DF-A3ED-A503F7DC752E}
	EndGlobalSection
EndGlobal
